<Solution>
  <Folder Name="/src/">
    <Project Path="src/PortfolioHub.Api/PortfolioHub.Api.csproj" />
    <Project Path="src/PortfolioHub.Application/PortfolioHub.Application.csproj" />
    <Project Path="src/PortfolioHub.Domain/PortfolioHub.Domain.csproj" />
    <Project Path="src/PortfolioHub.Infrastructure/PortfolioHub.Infrastructure.csproj" />
  </Folder>
  <Folder Name="/tests/">
    <Project Path="tests/PortfolioHub.Domain.Tests/PortfolioHub.Domain.Tests.csproj" />
    <Project Path="tests/PortfolioHub.Application.Tests/PortfolioHub.Application.Tests.csproj" />
  </Folder>
</Solution>
